
Microsoft Visual Studio Solution File, Format Version 12.00
# Visual Studio Version 16
VisualStudioVersion = 16.0.29215.179
MinimumVisualStudioVersion = 10.0.40219.1
Project("{FAE04EC0-301F-11D3-BF4B-00C04F79EFBC}") = "QLTB", "QLTB\QLTB.csproj", "{053D3E0E-B440-431B-862E-617F02587372}"
EndProject
Global
	GlobalSection(SolutionConfigurationPlatforms) = preSolution
		Debug|Any CPU = Debug|Any CPU
		Release|Any CPU = Release|Any CPU
	EndGlobalSection
	GlobalSection(ProjectConfigurationPlatforms) = postSolution
		{053D3E0E-B440-431B-862E-617F02587372}.Debug|Any CPU.ActiveCfg = Debug|Any CPU
		{053D3E0E-B440-431B-862E-617F02587372}.Debug|Any CPU.Build.0 = Debug|Any CPU
		{053D3E0E-B440-431B-862E-617F02587372}.Release|Any CPU.ActiveCfg = Release|Any CPU
		{053D3E0E-B440-431B-862E-617F02587372}.Release|Any CPU.Build.0 = Release|Any CPU
	EndGlobalSection
	GlobalSection(SolutionProperties) = preSolution
		HideSolutionNode = FALSE
	EndGlobalSection
	GlobalSection(ExtensibilityGlobals) = postSolution
		SolutionGuid = {E5EE3865-5349-4F8F-A0BB-6315069133CA}
	EndGlobalSection
EndGlobal
